// !$*UTF8*$!
{
	archiveVersion = 1;
	classes = {
	};
	objectVersion = 50;
	objects = {

/* Begin PBXBuildFile section */
		06437E0B24D3037F009B7812 /* AppDelegate.swift in Sources */ = {isa = PBXBuildFile; fileRef = 06437E0A24D3037F009B7812 /* AppDelegate.swift */; };
		06437E0D24D3037F009B7812 /* SceneDelegate.swift in Sources */ = {isa = PBXBuildFile; fileRef = 06437E0C24D3037F009B7812 /* SceneDelegate.swift */; };
		06437E0F24D3037F009B7812 /* ViewController.swift in Sources */ = {isa = PBXBuildFile; fileRef = 06437E0E24D3037F009B7812 /* ViewController.swift */; };
		06437E1224D3037F009B7812 /* Main.storyboard in Resources */ = {isa = PBXBuildFile; fileRef = 06437E1024D3037F009B7812 /* Main.storyboard */; };
		06437E1524D3037F009B7812 /* emSigner.xcdatamodeld in Sources */ = {isa = PBXBuildFile; fileRef = 06437E1324D3037F009B7812 /* emSigner.xcdatamodeld */; };
		06437E1724D30382009B7812 /* Assets.xcassets in Resources */ = {isa = PBXBuildFile; fileRef = 06437E1624D30382009B7812 /* Assets.xcassets */; };
		06437E1A24D30382009B7812 /* LaunchScreen.storyboard in Resources */ = {isa = PBXBuildFile; fileRef = 06437E1824D30382009B7812 /* LaunchScreen.storyboard */; };
/* End PBXBuildFile section */

/* Begin PBXFileReference section */
		06437E0724D3037F009B7812 /* emSigner.app */ = {isa = PBXFileReference; explicitFileType = wrapper.application; includeInIndex = 0; path = emSigner.app; sourceTree = BUILT_PRODUCTS_DIR; };
		06437E0A24D3037F009B7812 /* AppDelegate.swift */ = {isa = PBXFileReference; lastKnownFileType = sourcecode.swift; path = AppDelegate.swift; sourceTree = "<group>"; };
		06437E0C24D3037F009B7812 /* SceneDelegate.swift */ = {isa = PBXFileReference; lastKnownFileType = sourcecode.swift; path = SceneDelegate.swift; sourceTree = "<group>"; };
		06437E0E24D3037F009B7812 /* ViewController.swift */ = {isa = PBXFileReference; lastKnownFileType = sourcecode.swift; path = ViewController.swift; sourceTree = "<group>"; };
		06437E1124D3037F009B7812 /* Base */ = {isa = PBXFileReference; lastKnownFileType = file.storyboard; name = Base; path = Base.lproj/Main.storyboard; sourceTree = "<group>"; };
		06437E1424D3037F009B7812 /* emSigner.xcdatamodel */ = {isa = PBXFileReference; lastKnownFileType = wrapper.xcdatamodel; path = emSigner.xcdatamodel; sourceTree = "<group>"; };
		06437E1624D30382009B7812 /* Assets.xcassets */ = {isa = PBXFileReference; lastKnownFileType = folder.assetcatalog; path = Assets.xcassets; sourceTree = "<group>"; };
		06437E1924D30382009B7812 /* Base */ = {isa = PBXFileReference; lastKnownFileType = file.storyboard; name = Base; path = Base.lproj/LaunchScreen.storyboard; sourceTree = "<group>"; };
		06437E1B24D30382009B7812 /* Info.plist */ = {isa = PBXFileReference; lastKnownFileType = text.plist.xml; path = Info.plist; sourceTree = "<group>"; };
/* End PBXFileReference section */

/* Begin PBXFrameworksBuildPhase section */
		06437E0424D3037F009B7812 /* Frameworks */ = {
			isa = PBXFrameworksBuildPhase;
			buildActionMask = 2147483647;
			files = (
			);
			runOnlyForDeploymentPostprocessing = 0;
		};
/* End PBXFrameworksBuildPhase section */

/* Begin PBXGroup section */
		06437DFE24D3037F009B7812 = {
			isa = PBXGroup;
			children = (
				06437E0924D3037F009B7812 /* emSigner */,
				06437E0824D3037F009B7812 /* Products */,
			);
			sourceTree = "<group>";
		};
		06437E0824D3037F009B7812 /* Products */ = {
			isa = PBXGroup;
			children = (
				06437E0724D3037F009B7812 /* emSigner.app */,
			);
			name = Products;
			sourceTree = "<group>";
		};
		06437E0924D3037F009B7812 /* emSigner */ = {
			isa = PBXGroup;
			children = (
				06437E0A24D3037F009B7812 /* AppDelegate.swift */,
				06437E0C24D3037F009B7812 /* SceneDelegate.swift */,
				06437E0E24D3037F009B7812 /* ViewController.swift */,
				06437E1024D3037F009B7812 /* Main.storyboard */,
				06437E1624D30382009B7812 /* Assets.xcassets */,
				06437E1824D30382009B7812 /* LaunchScreen.storyboard */,
				06437E1B24D30382009B7812 /* Info.plist */,
				06437E1324D3037F009B7812 /* emSigner.xcdatamodeld */,
			);
			path = emSigner;
			sourceTree = "<group>";
		};
/* End PBXGroup section */

/* Begin PBXNativeTarget section */
		06437E0624D3037F009B7812 /* emSigner */ = {
			isa = PBXNativeTarget;
			buildConfigurationList = 06437E1E24D30382009B7812 /* Build configuration list for PBXNativeTarget "emSigner" */;
			buildPhases = (
				06437E0324D3037F009B7812 /* Sources */,
				06437E0424D3037F009B7812 /* Frameworks */,
				06437E0524D3037F009B7812 /* Resources */,
			);
			buildRules = (
			);
			dependencies = (
			);
			name = emSigner;
			productName = emSigner;
			productReference = 06437E0724D3037F009B7812 /* emSigner.app */;
			productType = "com.apple.product-type.application";
		};
/* End PBXNativeTarget section */

/* Begin PBXProject section */
		06437DFF24D3037F009B7812 /* Project object */ = {
			isa = PBXProject;
			attributes = {
				LastSwiftUpdateCheck = 1120;
				LastUpgradeCheck = 1120;
				ORGANIZATIONNAME = Mallikarjun;
				TargetAttributes = {
					06437E0624D3037F009B7812 = {
						CreatedOnToolsVersion = 11.2.1;
					};
				};
			};
			buildConfigurationList = 06437E0224D3037F009B7812 /* Build configuration list for PBXProject "emSigner" */;
			compatibilityVersion = "Xcode 9.3";
			developmentRegion = en;
			hasScannedForEncodings = 0;
			knownRegions = (
				en,
				Base,
			);
			mainGroup = 06437DFE24D3037F009B7812;
			productRefGroup = 06437E0824D3037F009B7812 /* Products */;
			projectDirPath = "";
			projectRoot = "";
			targets = (
				06437E0624D3037F009B7812 /* emSigner */,
			);
		};
/* End PBXProject section */

/* Begin PBXResourcesBuildPhase section */
		06437E0524D3037F009B7812 /* Resources */ = {
			isa = PBXResourcesBuildPhase;
			buildActionMask = 2147483647;
			files = (
				06437E1A24D30382009B7812 /* LaunchScreen.storyboard in Resources */,
				06437E1724D30382009B7812 /* Assets.xcassets in Resources */,
				06437E1224D3037F009B7812 /* Main.storyboard in Resources */,
			);
			runOnlyForDeploymentPostprocessing = 0;
		};
/* End PBXResourcesBuildPhase section */

/* Begin PBXSourcesBuildPhase section */
		06437E0324D3037F009B7812 /* Sources */ = {
			isa = PBXSourcesBuildPhase;
			buildActionMask = 2147483647;
			files = (
				06437E0F24D3037F009B7812 /* ViewController.swift in Sources */,
				06437E0B24D3037F009B7812 /* AppDelegate.swift in Sources */,
				06437E0D24D3037F009B7812 /* SceneDelegate.swift in Sources */,
				06437E1524D3037F009B7812 /* emSigner.xcdatamodeld in Sources */,
			);
			runOnlyForDeploymentPostprocessing = 0;
		};
/* End PBXSourcesBuildPhase section */

/* Begin PBXVariantGroup section */
		06437E1024D3037F009B7812 /* Main.storyboard */ = {
			isa = PBXVariantGroup;
			children = (
				06437E1124D3037F009B7812 /* Base */,
			);
			name = Main.storyboard;
			sourceTree = "<group>";
		};
		06437E1824D30382009B7812 /* LaunchScreen.storyboard */ = {
			isa = PBXVariantGroup;
			children = (
				06437E1924D30382009B7812 /* Base */,
			);
			name = LaunchScreen.storyboard;
			sourceTree = "<group>";
		};
/* End PBXVariantGroup section */

/* Begin XCBuildConfiguration section */
		06437E1C24D30382009B7812 /* Debug */ = {
			isa = XCBuildConfiguration;
			buildSettings = {
				ALWAYS_SEARCH_USER_PATHS = NO;
				CLANG_ANALYZER_NONNULL = YES;
				CLANG_ANALYZER_NUMBER_OBJECT_CONVERSION = YES_AGGRESSIVE;
				CLANG_CXX_LANGUAGE_STANDARD = "gnu++14";
				CLANG_CXX_LIBRARY = "libc++";
				CLANG_ENABLE_MODULES = YES;
				CLANG_ENABLE_OBJC_ARC = YES;
				CLANG_ENABLE_OBJC_WEAK = YES;
				CLANG_WARN_BLOCK_CAPTURE_AUTORELEASING = YES;
				CLANG_WARN_BOOL_CONVERSION = YES;
				CLANG_WARN_COMMA = YES;
				CLANG_WARN_CONSTANT_CONVERSION = YES;
				CLANG_WARN_DEPRECATED_OBJC_IMPLEMENTATIONS = YES;
				CLANG_WARN_DIRECT_OBJC_ISA_USAGE = YES_ERROR;
				CLANG_WARN_DOCUMENTATION_COMMENTS = YES;
				CLANG_WARN_EMPTY_BODY = YES;
				CLANG_WARN_ENUM_CONVERSION = YES;
				CLANG_WARN_INFINITE_RECURSION = YES;
				CLANG_WARN_INT_CONVERSION = YES;
				CLANG_WARN_NON_LITERAL_NULL_CONVERSION = YES;
				CLANG_WARN_OBJC_IMPLICIT_RETAIN_SELF = YES;
				CLANG_WARN_OBJC_LITERAL_CONVERSION = YES;
				CLANG_WARN_OBJC_ROOT_CLASS = YES_ERROR;
				CLANG_WARN_RANGE_LOOP_ANALYSIS = YES;
				CLANG_WARN_STRICT_PROTOTYPES = YES;
				CLANG_WARN_SUSPICIOUS_MOVE = YES;
				CLANG_WARN_UNGUARDED_AVAILABILITY = YES_AGGRESSIVE;
				CLANG_WARN_UNREACHABLE_CODE = YES;
				CLANG_WARN__DUPLICATE_METHOD_MATCH = YES;
				COPY_PHASE_STRIP = NO;
				DEBUG_INFORMATION_FORMAT = dwarf;
				ENABLE_STRICT_OBJC_MSGSEND = YES;
				ENABLE_TESTABILITY = YES;
				GCC_C_LANGUAGE_STANDARD = gnu11;
				GCC_DYNAMIC_NO_PIC = NO;
				GCC_NO_COMMON_BLOCKS = YES;
				GCC_OPTIMIZATION_LEVEL = 0;
				GCC_PREPROCESSOR_DEFINITIONS = (
					"DEBUG=1",
					"$(inherited)",
				);
				GCC_WARN_64_TO_32_BIT_CONVERSION = YES;
				GCC_WARN_ABOUT_RETURN_TYPE = YES_ERROR;
				GCC_WARN_UNDECLARED_SELECTOR = YES;
				GCC_WARN_UNINITIALIZED_AUTOS = YES_AGGRESSIVE;
				GCC_WARN_UNUSED_FUNCTION = YES;
				GCC_WARN_UNUSED_VARIABLE = YES;
				IPHONEOS_DEPLOYMENT_TARGET = 13.2;
				MTL_ENABLE_DEBUG_INFO = INCLUDE_SOURCE;
				MTL_FAST_MATH = YES;
				ONLY_ACTIVE_ARCH = YES;
				SDKROOT = iphoneos;
				SWIFT_ACTIVE_COMPILATION_CONDITIONS = DEBUG;
				SWIFT_OPTIMIZATION_LEVEL = "-Onone";
			};
			name = Debug;
		};
		06437E1D24D30382009B7812 /* Release */ = {
			isa = XCBuildConfiguration;
			buildSettings = {
				ALWAYS_SEARCH_USER_PATHS = NO;
				CLANG_ANALYZER_NONNULL = YES;
				CLANG_ANALYZER_NUMBER_OBJECT_CONVERSION = YES_AGGRESSIVE;
				CLANG_CXX_LANGUAGE_STANDARD = "gnu++14";
				CLANG_CXX_LIBRARY = "libc++";
				CLANG_ENABLE_MODULES = YES;
				CLANG_ENABLE_OBJC_ARC = YES;
				CLANG_ENABLE_OBJC_WEAK = YES;
				CLANG_WARN_BLOCK_CAPTURE_AUTORELEASING = YES;
				CLANG_WARN_BOOL_CONVERSION = YES;
				CLANG_WARN_COMMA = YES;
				CLANG_WARN_CONSTANT_CONVERSION = YES;
				CLANG_WARN_DEPRECATED_OBJC_IMPLEMENTATIONS = YES;
				CLANG_WARN_DIRECT_OBJC_ISA_USAGE = YES_ERROR;
				CLANG_WARN_DOCUMENTATION_COMMENTS = YES;
				CLANG_WARN_EMPTY_BODY = YES;
				CLANG_WARN_ENUM_CONVERSION = YES;
				CLANG_WARN_INFINITE_RECURSION = YES;
				CLANG_WARN_INT_CONVERSION = YES;
				CLANG_WARN_NON_LITERAL_NULL_CONVERSION = YES;
				CLANG_WARN_OBJC_IMPLICIT_RETAIN_SELF = YES;
				CLANG_WARN_OBJC_LITERAL_CONVERSION = YES;
				CLANG_WARN_OBJC_ROOT_CLASS = YES_ERROR;
				CLANG_WARN_RANGE_LOOP_ANALYSIS = YES;
				CLANG_WARN_STRICT_PROTOTYPES = YES;
				CLANG_WARN_SUSPICIOUS_MOVE = YES;
				CLANG_WARN_UNGUARDED_AVAILABILITY = YES_AGGRESSIVE;
				CLANG_WARN_UNREACHABLE_CODE = YES;
				CLANG_WARN__DUPLICATE_METHOD_MATCH = YES;
				COPY_PHASE_STRIP = NO;
				DEBUG_INFORMATION_FORMAT = "dwarf-with-dsym";
				ENABLE_NS_ASSERTIONS = NO;
				ENABLE_STRICT_OBJC_MSGSEND = YES;
				GCC_C_LANGUAGE_STANDARD = gnu11;
				GCC_NO_COMMON_BLOCKS = YES;
				GCC_WARN_64_TO_32_BIT_CONVERSION = YES;
				GCC_WARN_ABOUT_RETURN_TYPE = YES_ERROR;
				GCC_WARN_UNDECLARED_SELECTOR = YES;
				GCC_WARN_UNINITIALIZED_AUTOS = YES_AGGRESSIVE;
				GCC_WARN_UNUSED_FUNCTION = YES;
				GCC_WARN_UNUSED_VARIABLE = YES;
				IPHONEOS_DEPLOYMENT_TARGET = 13.2;
				MTL_ENABLE_DEBUG_INFO = NO;
				MTL_FAST_MATH = YES;
				SDKROOT = iphoneos;
				SWIFT_COMPILATION_MODE = wholemodule;
				SWIFT_OPTIMIZATION_LEVEL = "-O";
				VALIDATE_PRODUCT = YES;
			};
			name = Release;
		};
		06437E1F24D30382009B7812 /* Debug */ = {
			isa = XCBuildConfiguration;
			buildSettings = {
				ASSETCATALOG_COMPILER_APPICON_NAME = AppIcon;
				CODE_SIGN_STYLE = Automatic;
				INFOPLIST_FILE = emSigner/Info.plist;
				LD_RUNPATH_SEARCH_PATHS = (
					"$(inherited)",
					"@executable_path/Frameworks",
				);
				PRODUCT_BUNDLE_IDENTIFIER = MallikarjunHanagandi.emSigner;
				PRODUCT_NAME = "$(TARGET_NAME)";
				SWIFT_VERSION = 5.0;
				TARGETED_DEVICE_FAMILY = 1;
			};
			name = Debug;
		};
		06437E2024D30382009B7812 /* Release */ = {
			isa = XCBuildConfiguration;
			buildSettings = {
				ASSETCATALOG_COMPILER_APPICON_NAME = AppIcon;
				CODE_SIGN_STYLE = Automatic;
				INFOPLIST_FILE = emSigner/Info.plist;
				LD_RUNPATH_SEARCH_PATHS = (
					"$(inherited)",
					"@executable_path/Frameworks",
				);
				PRODUCT_BUNDLE_IDENTIFIER = MallikarjunHanagandi.emSigner;
				PRODUCT_NAME = "$(TARGET_NAME)";
				SWIFT_VERSION = 5.0;
				TARGETED_DEVICE_FAMILY = 1;
			};
			name = Release;
		};
/* End XCBuildConfiguration section */

/* Begin XCConfigurationList section */
		06437E0224D3037F009B7812 /* Build configuration list for PBXProject "emSigner" */ = {
			isa = XCConfigurationList;
			buildConfigurations = (
				06437E1C24D30382009B7812 /* Debug */,
				06437E1D24D30382009B7812 /* Release */,
			);
			defaultConfigurationIsVisible = 0;
			defaultConfigurationName = Release;
		};
		06437E1E24D30382009B7812 /* Build configuration list for PBXNativeTarget "emSigner" */ = {
			isa = XCConfigurationList;
			buildConfigurations = (
				06437E1F24D30382009B7812 /* Debug */,
				06437E2024D30382009B7812 /* Release */,
			);
			defaultConfigurationIsVisible = 0;
			defaultConfigurationName = Release;
		};
/* End XCConfigurationList section */

/* Begin XCVersionGroup section */
		06437E1324D3037F009B7812 /* emSigner.xcdatamodeld */ = {
			isa = XCVersionGroup;
			children = (
				06437E1424D3037F009B7812 /* emSigner.xcdatamodel */,
			);
			currentVersion = 06437E1424D3037F009B7812 /* emSigner.xcdatamodel */;
			path = emSigner.xcdatamodeld;
			sourceTree = "<group>";
			versionGroupType = wrapper.xcdatamodel;
		};
/* End XCVersionGroup section */
	};
	rootObject = 06437DFF24D3037F009B7812 /* Project object */;
}
