// !$*UTF8*$!
{
	archiveVersion = 1;
	classes = {
	};
	objectVersion = 50;
	objects = {

/* Begin PBXBuildFile section */
		0607946725258911009F992F /* Screenshot 2020-10-01 at 9.18.19 AM.png in Resources */ = {isa = PBXBuildFile; fileRef = 0607946625258911009F992F /* Screenshot 2020-10-01 at 9.18.19 AM.png */; };
		060794712525B409009F992F /* SignatoryViewXib.xib in Resources */ = {isa = PBXBuildFile; fileRef = 060794702525B409009F992F /* SignatoryViewXib.xib */; };
		060794742525B44E009F992F /* SignatoryView.m in Sources */ = {isa = PBXBuildFile; fileRef = 060794732525B44E009F992F /* SignatoryView.m */; };
		060794762525C776009F992F /* Screenshot 2020-10-01 at 1.44.17 PM.png in Resources */ = {isa = PBXBuildFile; fileRef = 060794752525C776009F992F /* Screenshot 2020-10-01 at 1.44.17 PM.png */; };
		069BE57025245485008FB10A /* AppDelegate.m in Sources */ = {isa = PBXBuildFile; fileRef = 069BE56F25245485008FB10A /* AppDelegate.m */; };
		069BE57325245485008FB10A /* SceneDelegate.m in Sources */ = {isa = PBXBuildFile; fileRef = 069BE57225245485008FB10A /* SceneDelegate.m */; };
		069BE57625245485008FB10A /* ViewController.m in Sources */ = {isa = PBXBuildFile; fileRef = 069BE57525245485008FB10A /* ViewController.m */; };
		069BE57925245486008FB10A /* Main.storyboard in Resources */ = {isa = PBXBuildFile; fileRef = 069BE57725245486008FB10A /* Main.storyboard */; };
		069BE57B25245488008FB10A /* Assets.xcassets in Resources */ = {isa = PBXBuildFile; fileRef = 069BE57A25245488008FB10A /* Assets.xcassets */; };
		069BE57E25245488008FB10A /* LaunchScreen.storyboard in Resources */ = {isa = PBXBuildFile; fileRef = 069BE57C25245488008FB10A /* LaunchScreen.storyboard */; };
		069BE58125245488008FB10A /* main.m in Sources */ = {isa = PBXBuildFile; fileRef = 069BE58025245488008FB10A /* main.m */; };
		069BE58825245AEB008FB10A /* appointment-letter.pdf in Resources */ = {isa = PBXBuildFile; fileRef = 069BE58725245AEB008FB10A /* appointment-letter.pdf */; };
		069BE58B25245CF6008FB10A /* PDFKit.framework in Frameworks */ = {isa = PBXBuildFile; fileRef = 069BE58A25245CF6008FB10A /* PDFKit.framework */; };
/* End PBXBuildFile section */

/* Begin PBXFileReference section */
		0607946625258911009F992F /* Screenshot 2020-10-01 at 9.18.19 AM.png */ = {isa = PBXFileReference; lastKnownFileType = image.png; path = "Screenshot 2020-10-01 at 9.18.19 AM.png"; sourceTree = "<group>"; };
		060794702525B409009F992F /* SignatoryViewXib.xib */ = {isa = PBXFileReference; lastKnownFileType = file.xib; path = SignatoryViewXib.xib; sourceTree = "<group>"; };
		060794722525B44E009F992F /* SignatoryView.h */ = {isa = PBXFileReference; lastKnownFileType = sourcecode.c.h; path = SignatoryView.h; sourceTree = "<group>"; };
		060794732525B44E009F992F /* SignatoryView.m */ = {isa = PBXFileReference; lastKnownFileType = sourcecode.c.objc; path = SignatoryView.m; sourceTree = "<group>"; };
		060794752525C776009F992F /* Screenshot 2020-10-01 at 1.44.17 PM.png */ = {isa = PBXFileReference; lastKnownFileType = image.png; path = "Screenshot 2020-10-01 at 1.44.17 PM.png"; sourceTree = "<group>"; };
		069BE56B25245485008FB10A /* Image Drager.app */ = {isa = PBXFileReference; explicitFileType = wrapper.application; includeInIndex = 0; path = "Image Drager.app"; sourceTree = BUILT_PRODUCTS_DIR; };
		069BE56E25245485008FB10A /* AppDelegate.h */ = {isa = PBXFileReference; lastKnownFileType = sourcecode.c.h; path = AppDelegate.h; sourceTree = "<group>"; };
		069BE56F25245485008FB10A /* AppDelegate.m */ = {isa = PBXFileReference; lastKnownFileType = sourcecode.c.objc; path = AppDelegate.m; sourceTree = "<group>"; };
		069BE57125245485008FB10A /* SceneDelegate.h */ = {isa = PBXFileReference; lastKnownFileType = sourcecode.c.h; path = SceneDelegate.h; sourceTree = "<group>"; };
		069BE57225245485008FB10A /* SceneDelegate.m */ = {isa = PBXFileReference; lastKnownFileType = sourcecode.c.objc; path = SceneDelegate.m; sourceTree = "<group>"; };
		069BE57425245485008FB10A /* ViewController.h */ = {isa = PBXFileReference; lastKnownFileType = sourcecode.c.h; path = ViewController.h; sourceTree = "<group>"; };
		069BE57525245485008FB10A /* ViewController.m */ = {isa = PBXFileReference; lastKnownFileType = sourcecode.c.objc; path = ViewController.m; sourceTree = "<group>"; };
		069BE57825245486008FB10A /* Base */ = {isa = PBXFileReference; lastKnownFileType = file.storyboard; name = Base; path = Base.lproj/Main.storyboard; sourceTree = "<group>"; };
		069BE57A25245488008FB10A /* Assets.xcassets */ = {isa = PBXFileReference; lastKnownFileType = folder.assetcatalog; path = Assets.xcassets; sourceTree = "<group>"; };
		069BE57D25245488008FB10A /* Base */ = {isa = PBXFileReference; lastKnownFileType = file.storyboard; name = Base; path = Base.lproj/LaunchScreen.storyboard; sourceTree = "<group>"; };
		069BE57F25245488008FB10A /* Info.plist */ = {isa = PBXFileReference; lastKnownFileType = text.plist.xml; path = Info.plist; sourceTree = "<group>"; };
		069BE58025245488008FB10A /* main.m */ = {isa = PBXFileReference; lastKnownFileType = sourcecode.c.objc; path = main.m; sourceTree = "<group>"; };
		069BE58725245AEB008FB10A /* appointment-letter.pdf */ = {isa = PBXFileReference; lastKnownFileType = image.pdf; path = "appointment-letter.pdf"; sourceTree = "<group>"; };
		069BE58A25245CF6008FB10A /* PDFKit.framework */ = {isa = PBXFileReference; lastKnownFileType = wrapper.framework; name = PDFKit.framework; path = System/Library/Frameworks/PDFKit.framework; sourceTree = SDKROOT; };
/* End PBXFileReference section */

/* Begin PBXFrameworksBuildPhase section */
		069BE56825245485008FB10A /* Frameworks */ = {
			isa = PBXFrameworksBuildPhase;
			buildActionMask = 2147483647;
			files = (
				069BE58B25245CF6008FB10A /* PDFKit.framework in Frameworks */,
			);
			runOnlyForDeploymentPostprocessing = 0;
		};
/* End PBXFrameworksBuildPhase section */

/* Begin PBXGroup section */
		069BE56225245485008FB10A = {
			isa = PBXGroup;
			children = (
				069BE56D25245485008FB10A /* Image Drager */,
				069BE56C25245485008FB10A /* Products */,
				069BE58925245CF6008FB10A /* Frameworks */,
			);
			sourceTree = "<group>";
		};
		069BE56C25245485008FB10A /* Products */ = {
			isa = PBXGroup;
			children = (
				069BE56B25245485008FB10A /* Image Drager.app */,
			);
			name = Products;
			sourceTree = "<group>";
		};
		069BE56D25245485008FB10A /* Image Drager */ = {
			isa = PBXGroup;
			children = (
				069BE56E25245485008FB10A /* AppDelegate.h */,
				0607946625258911009F992F /* Screenshot 2020-10-01 at 9.18.19 AM.png */,
				060794752525C776009F992F /* Screenshot 2020-10-01 at 1.44.17 PM.png */,
				069BE56F25245485008FB10A /* AppDelegate.m */,
				069BE57125245485008FB10A /* SceneDelegate.h */,
				069BE57225245485008FB10A /* SceneDelegate.m */,
				069BE57425245485008FB10A /* ViewController.h */,
				069BE57525245485008FB10A /* ViewController.m */,
				069BE58725245AEB008FB10A /* appointment-letter.pdf */,
				060794702525B409009F992F /* SignatoryViewXib.xib */,
				060794722525B44E009F992F /* SignatoryView.h */,
				060794732525B44E009F992F /* SignatoryView.m */,
				069BE57725245486008FB10A /* Main.storyboard */,
				069BE57A25245488008FB10A /* Assets.xcassets */,
				069BE57C25245488008FB10A /* LaunchScreen.storyboard */,
				069BE57F25245488008FB10A /* Info.plist */,
				069BE58025245488008FB10A /* main.m */,
			);
			path = "Image Drager";
			sourceTree = "<group>";
		};
		069BE58925245CF6008FB10A /* Frameworks */ = {
			isa = PBXGroup;
			children = (
				069BE58A25245CF6008FB10A /* PDFKit.framework */,
			);
			name = Frameworks;
			sourceTree = "<group>";
		};
/* End PBXGroup section */

/* Begin PBXNativeTarget section */
		069BE56A25245485008FB10A /* Image Drager */ = {
			isa = PBXNativeTarget;
			buildConfigurationList = 069BE58425245488008FB10A /* Build configuration list for PBXNativeTarget "Image Drager" */;
			buildPhases = (
				069BE56725245485008FB10A /* Sources */,
				069BE56825245485008FB10A /* Frameworks */,
				069BE56925245485008FB10A /* Resources */,
			);
			buildRules = (
			);
			dependencies = (
			);
			name = "Image Drager";
			productName = "Image Drager";
			productReference = 069BE56B25245485008FB10A /* Image Drager.app */;
			productType = "com.apple.product-type.application";
		};
/* End PBXNativeTarget section */

/* Begin PBXProject section */
		069BE56325245485008FB10A /* Project object */ = {
			isa = PBXProject;
			attributes = {
				LastUpgradeCheck = 1120;
				ORGANIZATIONNAME = Nikita;
				TargetAttributes = {
					069BE56A25245485008FB10A = {
						CreatedOnToolsVersion = 11.2.1;
					};
				};
			};
			buildConfigurationList = 069BE56625245485008FB10A /* Build configuration list for PBXProject "Image Drager" */;
			compatibilityVersion = "Xcode 9.3";
			developmentRegion = en;
			hasScannedForEncodings = 0;
			knownRegions = (
				en,
				Base,
			);
			mainGroup = 069BE56225245485008FB10A;
			productRefGroup = 069BE56C25245485008FB10A /* Products */;
			projectDirPath = "";
			projectRoot = "";
			targets = (
				069BE56A25245485008FB10A /* Image Drager */,
			);
		};
/* End PBXProject section */

/* Begin PBXResourcesBuildPhase section */
		069BE56925245485008FB10A /* Resources */ = {
			isa = PBXResourcesBuildPhase;
			buildActionMask = 2147483647;
			files = (
				069BE57E25245488008FB10A /* LaunchScreen.storyboard in Resources */,
				060794762525C776009F992F /* Screenshot 2020-10-01 at 1.44.17 PM.png in Resources */,
				060794712525B409009F992F /* SignatoryViewXib.xib in Resources */,
				069BE57B25245488008FB10A /* Assets.xcassets in Resources */,
				0607946725258911009F992F /* Screenshot 2020-10-01 at 9.18.19 AM.png in Resources */,
				069BE58825245AEB008FB10A /* appointment-letter.pdf in Resources */,
				069BE57925245486008FB10A /* Main.storyboard in Resources */,
			);
			runOnlyForDeploymentPostprocessing = 0;
		};
/* End PBXResourcesBuildPhase section */

/* Begin PBXSourcesBuildPhase section */
		069BE56725245485008FB10A /* Sources */ = {
			isa = PBXSourcesBuildPhase;
			buildActionMask = 2147483647;
			files = (
				069BE57625245485008FB10A /* ViewController.m in Sources */,
				069BE57025245485008FB10A /* AppDelegate.m in Sources */,
				069BE58125245488008FB10A /* main.m in Sources */,
				060794742525B44E009F992F /* SignatoryView.m in Sources */,
				069BE57325245485008FB10A /* SceneDelegate.m in Sources */,
			);
			runOnlyForDeploymentPostprocessing = 0;
		};
/* End PBXSourcesBuildPhase section */

/* Begin PBXVariantGroup section */
		069BE57725245486008FB10A /* Main.storyboard */ = {
			isa = PBXVariantGroup;
			children = (
				069BE57825245486008FB10A /* Base */,
			);
			name = Main.storyboard;
			sourceTree = "<group>";
		};
		069BE57C25245488008FB10A /* LaunchScreen.storyboard */ = {
			isa = PBXVariantGroup;
			children = (
				069BE57D25245488008FB10A /* Base */,
			);
			name = LaunchScreen.storyboard;
			sourceTree = "<group>";
		};
/* End PBXVariantGroup section */

/* Begin XCBuildConfiguration section */
		069BE58225245488008FB10A /* Debug */ = {
			isa = XCBuildConfiguration;
			buildSettings = {
				ALWAYS_SEARCH_USER_PATHS = NO;
				CLANG_ANALYZER_NONNULL = YES;
				CLANG_ANALYZER_NUMBER_OBJECT_CONVERSION = YES_AGGRESSIVE;
				CLANG_CXX_LANGUAGE_STANDARD = "gnu++14";
				CLANG_CXX_LIBRARY = "libc++";
				CLANG_ENABLE_MODULES = YES;
				CLANG_ENABLE_OBJC_ARC = YES;
				CLANG_ENABLE_OBJC_WEAK = YES;
				CLANG_WARN_BLOCK_CAPTURE_AUTORELEASING = YES;
				CLANG_WARN_BOOL_CONVERSION = YES;
				CLANG_WARN_COMMA = YES;
				CLANG_WARN_CONSTANT_CONVERSION = YES;
				CLANG_WARN_DEPRECATED_OBJC_IMPLEMENTATIONS = YES;
				CLANG_WARN_DIRECT_OBJC_ISA_USAGE = YES_ERROR;
				CLANG_WARN_DOCUMENTATION_COMMENTS = YES;
				CLANG_WARN_EMPTY_BODY = YES;
				CLANG_WARN_ENUM_CONVERSION = YES;
				CLANG_WARN_INFINITE_RECURSION = YES;
				CLANG_WARN_INT_CONVERSION = YES;
				CLANG_WARN_NON_LITERAL_NULL_CONVERSION = YES;
				CLANG_WARN_OBJC_IMPLICIT_RETAIN_SELF = YES;
				CLANG_WARN_OBJC_LITERAL_CONVERSION = YES;
				CLANG_WARN_OBJC_ROOT_CLASS = YES_ERROR;
				CLANG_WARN_RANGE_LOOP_ANALYSIS = YES;
				CLANG_WARN_STRICT_PROTOTYPES = YES;
				CLANG_WARN_SUSPICIOUS_MOVE = YES;
				CLANG_WARN_UNGUARDED_AVAILABILITY = YES_AGGRESSIVE;
				CLANG_WARN_UNREACHABLE_CODE = YES;
				CLANG_WARN__DUPLICATE_METHOD_MATCH = YES;
				COPY_PHASE_STRIP = NO;
				DEBUG_INFORMATION_FORMAT = dwarf;
				ENABLE_STRICT_OBJC_MSGSEND = YES;
				ENABLE_TESTABILITY = YES;
				GCC_C_LANGUAGE_STANDARD = gnu11;
				GCC_DYNAMIC_NO_PIC = NO;
				GCC_NO_COMMON_BLOCKS = YES;
				GCC_OPTIMIZATION_LEVEL = 0;
				GCC_PREPROCESSOR_DEFINITIONS = (
					"DEBUG=1",
					"$(inherited)",
				);
				GCC_WARN_64_TO_32_BIT_CONVERSION = YES;
				GCC_WARN_ABOUT_RETURN_TYPE = YES_ERROR;
				GCC_WARN_UNDECLARED_SELECTOR = YES;
				GCC_WARN_UNINITIALIZED_AUTOS = YES_AGGRESSIVE;
				GCC_WARN_UNUSED_FUNCTION = YES;
				GCC_WARN_UNUSED_VARIABLE = YES;
				IPHONEOS_DEPLOYMENT_TARGET = 13.2;
				MTL_ENABLE_DEBUG_INFO = INCLUDE_SOURCE;
				MTL_FAST_MATH = YES;
				ONLY_ACTIVE_ARCH = YES;
				SDKROOT = iphoneos;
			};
			name = Debug;
		};
		069BE58325245488008FB10A /* Release */ = {
			isa = XCBuildConfiguration;
			buildSettings = {
				ALWAYS_SEARCH_USER_PATHS = NO;
				CLANG_ANALYZER_NONNULL = YES;
				CLANG_ANALYZER_NUMBER_OBJECT_CONVERSION = YES_AGGRESSIVE;
				CLANG_CXX_LANGUAGE_STANDARD = "gnu++14";
				CLANG_CXX_LIBRARY = "libc++";
				CLANG_ENABLE_MODULES = YES;
				CLANG_ENABLE_OBJC_ARC = YES;
				CLANG_ENABLE_OBJC_WEAK = YES;
				CLANG_WARN_BLOCK_CAPTURE_AUTORELEASING = YES;
				CLANG_WARN_BOOL_CONVERSION = YES;
				CLANG_WARN_COMMA = YES;
				CLANG_WARN_CONSTANT_CONVERSION = YES;
				CLANG_WARN_DEPRECATED_OBJC_IMPLEMENTATIONS = YES;
				CLANG_WARN_DIRECT_OBJC_ISA_USAGE = YES_ERROR;
				CLANG_WARN_DOCUMENTATION_COMMENTS = YES;
				CLANG_WARN_EMPTY_BODY = YES;
				CLANG_WARN_ENUM_CONVERSION = YES;
				CLANG_WARN_INFINITE_RECURSION = YES;
				CLANG_WARN_INT_CONVERSION = YES;
				CLANG_WARN_NON_LITERAL_NULL_CONVERSION = YES;
				CLANG_WARN_OBJC_IMPLICIT_RETAIN_SELF = YES;
				CLANG_WARN_OBJC_LITERAL_CONVERSION = YES;
				CLANG_WARN_OBJC_ROOT_CLASS = YES_ERROR;
				CLANG_WARN_RANGE_LOOP_ANALYSIS = YES;
				CLANG_WARN_STRICT_PROTOTYPES = YES;
				CLANG_WARN_SUSPICIOUS_MOVE = YES;
				CLANG_WARN_UNGUARDED_AVAILABILITY = YES_AGGRESSIVE;
				CLANG_WARN_UNREACHABLE_CODE = YES;
				CLANG_WARN__DUPLICATE_METHOD_MATCH = YES;
				COPY_PHASE_STRIP = NO;
				DEBUG_INFORMATION_FORMAT = "dwarf-with-dsym";
				ENABLE_NS_ASSERTIONS = NO;
				ENABLE_STRICT_OBJC_MSGSEND = YES;
				GCC_C_LANGUAGE_STANDARD = gnu11;
				GCC_NO_COMMON_BLOCKS = YES;
				GCC_WARN_64_TO_32_BIT_CONVERSION = YES;
				GCC_WARN_ABOUT_RETURN_TYPE = YES_ERROR;
				GCC_WARN_UNDECLARED_SELECTOR = YES;
				GCC_WARN_UNINITIALIZED_AUTOS = YES_AGGRESSIVE;
				GCC_WARN_UNUSED_FUNCTION = YES;
				GCC_WARN_UNUSED_VARIABLE = YES;
				IPHONEOS_DEPLOYMENT_TARGET = 13.2;
				MTL_ENABLE_DEBUG_INFO = NO;
				MTL_FAST_MATH = YES;
				SDKROOT = iphoneos;
				VALIDATE_PRODUCT = YES;
			};
			name = Release;
		};
		069BE58525245488008FB10A /* Debug */ = {
			isa = XCBuildConfiguration;
			buildSettings = {
				ASSETCATALOG_COMPILER_APPICON_NAME = AppIcon;
				CODE_SIGN_STYLE = Automatic;
				INFOPLIST_FILE = "Image Drager/Info.plist";
				LD_RUNPATH_SEARCH_PATHS = (
					"$(inherited)",
					"@executable_path/Frameworks",
				);
				PRODUCT_BUNDLE_IDENTIFIER = "NikitaPatil.ImageDrager-onView";
				PRODUCT_NAME = "$(TARGET_NAME)";
				TARGETED_DEVICE_FAMILY = "1,2";
			};
			name = Debug;
		};
		069BE58625245488008FB10A /* Release */ = {
			isa = XCBuildConfiguration;
			buildSettings = {
				ASSETCATALOG_COMPILER_APPICON_NAME = AppIcon;
				CODE_SIGN_STYLE = Automatic;
				INFOPLIST_FILE = "Image Drager/Info.plist";
				LD_RUNPATH_SEARCH_PATHS = (
					"$(inherited)",
					"@executable_path/Frameworks",
				);
				PRODUCT_BUNDLE_IDENTIFIER = "NikitaPatil.ImageDrager-onView";
				PRODUCT_NAME = "$(TARGET_NAME)";
				TARGETED_DEVICE_FAMILY = "1,2";
			};
			name = Release;
		};
/* End XCBuildConfiguration section */

/* Begin XCConfigurationList section */
		069BE56625245485008FB10A /* Build configuration list for PBXProject "Image Drager" */ = {
			isa = XCConfigurationList;
			buildConfigurations = (
				069BE58225245488008FB10A /* Debug */,
				069BE58325245488008FB10A /* Release */,
			);
			defaultConfigurationIsVisible = 0;
			defaultConfigurationName = Release;
		};
		069BE58425245488008FB10A /* Build configuration list for PBXNativeTarget "Image Drager" */ = {
			isa = XCConfigurationList;
			buildConfigurations = (
				069BE58525245488008FB10A /* Debug */,
				069BE58625245488008FB10A /* Release */,
			);
			defaultConfigurationIsVisible = 0;
			defaultConfigurationName = Release;
		};
/* End XCConfigurationList section */
	};
	rootObject = 069BE56325245485008FB10A /* Project object */;
}
